
Microsoft Visual Studio Solution File, Format Version 12.00
# Visual Studio Version 17
VisualStudioVersion = 17.13.35919.96 d17.13
MinimumVisualStudioVersion = 10.0.40219.1
Project("{FAE04EC0-301F-11D3-BF4B-00C04F79EFBC}") = "Pizzeria", "Pizzeria.csproj", "{33474D99-5338-4FE3-B1FC-4D4B41AE4D83}"
EndProject
Global
	GlobalSection(SolutionConfigurationPlatforms) = preSolution
		Debug|Any CPU = Debug|Any CPU
		Release|Any CPU = Release|Any CPU
	EndGlobalSection
	GlobalSection(ProjectConfigurationPlatforms) = postSolution
		{33474D99-5338-4FE3-B1FC-4D4B41AE4D83}.Debug|Any CPU.ActiveCfg = Debug|Any CPU
		{33474D99-5338-4FE3-B1FC-4D4B41AE4D83}.Debug|Any CPU.Build.0 = Debug|Any CPU
		{33474D99-5338-4FE3-B1FC-4D4B41AE4D83}.Release|Any CPU.ActiveCfg = Release|Any CPU
		{33474D99-5338-4FE3-B1FC-4D4B41AE4D83}.Release|Any CPU.Build.0 = Release|Any CPU
	EndGlobalSection
	GlobalSection(SolutionProperties) = preSolution
		HideSolutionNode = FALSE
	EndGlobalSection
	GlobalSection(ExtensibilityGlobals) = postSolution
		SolutionGuid = {FD10113A-1A9A-43D4-945A-17141AB780F0}
	EndGlobalSection
EndGlobal
